
Microsoft Visual Studio Solution File, Format Version 12.00
# Visual Studio Version 17
VisualStudioVersion = 17.9.34622.214
MinimumVisualStudioVersion = 10.0.40219.1
Project("{FAE04EC0-301F-11D3-BF4B-00C04F79EFBC}") = "Week5LogicalOperators", "Week5LogicalOperators\Week5LogicalOperators.csproj", "{2D114DC0-153A-45C1-8A31-550652F1046C}"
EndProject
Project("{FAE04EC0-301F-11D3-BF4B-00C04F79EFBC}") = "ANDOperator", "ANDOperator\ANDOperator.csproj", "{BDB28BE9-B7C0-4832-A29C-AFFBF4E0717E}"
EndProject
Project("{FAE04EC0-301F-11D3-BF4B-00C04F79EFBC}") = "OROperator", "OROperator\OROperator.csproj", "{FC675966-C015-47C1-9207-6AABBC5CB57E}"
EndProject
Project("{FAE04EC0-301F-11D3-BF4B-00C04F79EFBC}") = "ANDRanges", "ANDRanges\ANDRanges.csproj", "{2614CA8A-93B4-4624-A4E2-1B1DAD58E5B7}"
EndProject
Global
	GlobalSection(SolutionConfigurationPlatforms) = preSolution
		Debug|Any CPU = Debug|Any CPU
		Release|Any CPU = Release|Any CPU
	EndGlobalSection
	GlobalSection(ProjectConfigurationPlatforms) = postSolution
		{2D114DC0-153A-45C1-8A31-550652F1046C}.Debug|Any CPU.ActiveCfg = Debug|Any CPU
		{2D114DC0-153A-45C1-8A31-550652F1046C}.Debug|Any CPU.Build.0 = Debug|Any CPU
		{2D114DC0-153A-45C1-8A31-550652F1046C}.Release|Any CPU.ActiveCfg = Release|Any CPU
		{2D114DC0-153A-45C1-8A31-550652F1046C}.Release|Any CPU.Build.0 = Release|Any CPU
		{BDB28BE9-B7C0-4832-A29C-AFFBF4E0717E}.Debug|Any CPU.ActiveCfg = Debug|Any CPU
		{BDB28BE9-B7C0-4832-A29C-AFFBF4E0717E}.Debug|Any CPU.Build.0 = Debug|Any CPU
		{BDB28BE9-B7C0-4832-A29C-AFFBF4E0717E}.Release|Any CPU.ActiveCfg = Release|Any CPU
		{BDB28BE9-B7C0-4832-A29C-AFFBF4E0717E}.Release|Any CPU.Build.0 = Release|Any CPU
		{FC675966-C015-47C1-9207-6AABBC5CB57E}.Debug|Any CPU.ActiveCfg = Debug|Any CPU
		{FC675966-C015-47C1-9207-6AABBC5CB57E}.Debug|Any CPU.Build.0 = Debug|Any CPU
		{FC675966-C015-47C1-9207-6AABBC5CB57E}.Release|Any CPU.ActiveCfg = Release|Any CPU
		{FC675966-C015-47C1-9207-6AABBC5CB57E}.Release|Any CPU.Build.0 = Release|Any CPU
		{2614CA8A-93B4-4624-A4E2-1B1DAD58E5B7}.Debug|Any CPU.ActiveCfg = Debug|Any CPU
		{2614CA8A-93B4-4624-A4E2-1B1DAD58E5B7}.Debug|Any CPU.Build.0 = Debug|Any CPU
		{2614CA8A-93B4-4624-A4E2-1B1DAD58E5B7}.Release|Any CPU.ActiveCfg = Release|Any CPU
		{2614CA8A-93B4-4624-A4E2-1B1DAD58E5B7}.Release|Any CPU.Build.0 = Release|Any CPU
	EndGlobalSection
	GlobalSection(SolutionProperties) = preSolution
		HideSolutionNode = FALSE
	EndGlobalSection
	GlobalSection(ExtensibilityGlobals) = postSolution
		SolutionGuid = {266097B0-D359-425F-B1FB-F08C91523D86}
	EndGlobalSection
EndGlobal
